
Microsoft Visual Studio Solution File, Format Version 12.00
# Visual Studio Version 17
VisualStudioVersion = 17.11.35222.181
MinimumVisualStudioVersion = 10.0.40219.1
Project("{FAE04EC0-301F-11D3-BF4B-00C04F79EFBC}") = "WebApplication4", "WebApplication4\WebApplication4.csproj", "{9C616AC0-A7B8-4284-9BCA-4244BD53D6CC}"
EndProject
Project("{FAE04EC0-301F-11D3-BF4B-00C04F79EFBC}") = "Models", "Models\Models.csproj", "{C6B8AAD2-6629-4609-ADEC-4D7776A996B1}"
EndProject
Global
	GlobalSection(SolutionConfigurationPlatforms) = preSolution
		Debug|Any CPU = Debug|Any CPU
		Release|Any CPU = Release|Any CPU
	EndGlobalSection
	GlobalSection(ProjectConfigurationPlatforms) = postSolution
		{9C616AC0-A7B8-4284-9BCA-4244BD53D6CC}.Debug|Any CPU.ActiveCfg = Debug|Any CPU
		{9C616AC0-A7B8-4284-9BCA-4244BD53D6CC}.Debug|Any CPU.Build.0 = Debug|Any CPU
		{9C616AC0-A7B8-4284-9BCA-4244BD53D6CC}.Release|Any CPU.ActiveCfg = Release|Any CPU
		{9C616AC0-A7B8-4284-9BCA-4244BD53D6CC}.Release|Any CPU.Build.0 = Release|Any CPU
		{C6B8AAD2-6629-4609-ADEC-4D7776A996B1}.Debug|Any CPU.ActiveCfg = Debug|Any CPU
		{C6B8AAD2-6629-4609-ADEC-4D7776A996B1}.Debug|Any CPU.Build.0 = Debug|Any CPU
		{C6B8AAD2-6629-4609-ADEC-4D7776A996B1}.Release|Any CPU.ActiveCfg = Release|Any CPU
		{C6B8AAD2-6629-4609-ADEC-4D7776A996B1}.Release|Any CPU.Build.0 = Release|Any CPU
	EndGlobalSection
	GlobalSection(SolutionProperties) = preSolution
		HideSolutionNode = FALSE
	EndGlobalSection
	GlobalSection(ExtensibilityGlobals) = postSolution
		SolutionGuid = {CFC936C1-3535-4F8E-93BD-311ED2BCD51E}
	EndGlobalSection
EndGlobal
